
Microsoft Visual Studio Solution File, Format Version 12.00
# Visual Studio 15
VisualStudioVersion = 15.0.28010.2041
MinimumVisualStudioVersion = 10.0.40219.1
Project("{FAE04EC0-301F-11D3-BF4B-00C04F79EFBC}") = "FinancialTracker", "FinancialTracker\FinancialTracker.csproj", "{506E8B17-A15A-43A7-A9B0-89A7B26C60E7}"
EndProject
Global
	GlobalSection(SolutionConfigurationPlatforms) = preSolution
		Debug|Any CPU = Debug|Any CPU
		Release|Any CPU = Release|Any CPU
	EndGlobalSection
	GlobalSection(ProjectConfigurationPlatforms) = postSolution
		{506E8B17-A15A-43A7-A9B0-89A7B26C60E7}.Debug|Any CPU.ActiveCfg = Debug|Any CPU
		{506E8B17-A15A-43A7-A9B0-89A7B26C60E7}.Debug|Any CPU.Build.0 = Debug|Any CPU
		{506E8B17-A15A-43A7-A9B0-89A7B26C60E7}.Release|Any CPU.ActiveCfg = Release|Any CPU
		{506E8B17-A15A-43A7-A9B0-89A7B26C60E7}.Release|Any CPU.Build.0 = Release|Any CPU
	EndGlobalSection
	GlobalSection(SolutionProperties) = preSolution
		HideSolutionNode = FALSE
	EndGlobalSection
	GlobalSection(ExtensibilityGlobals) = postSolution
		SolutionGuid = {E7A9C5C8-7D7F-4EA5-A5F1-482DBF4DFAAB}
	EndGlobalSection
EndGlobal
